
Microsoft Visual Studio Solution File, Format Version 12.00
# Visual Studio Version 17
VisualStudioVersion = 17.2.32616.157
MinimumVisualStudioVersion = 10.0.40219.1
Project("{FAE04EC0-301F-11D3-BF4B-00C04F79EFBC}") = "RandomNumberGuess", "RandomNumberGuess\RandomNumberGuess.csproj", "{2EB9AD5F-9040-4DD0-8592-A8825C1BE8EA}"
EndProject
Global
	GlobalSection(SolutionConfigurationPlatforms) = preSolution
		Debug|Any CPU = Debug|Any CPU
		Release|Any CPU = Release|Any CPU
	EndGlobalSection
	GlobalSection(ProjectConfigurationPlatforms) = postSolution
		{2EB9AD5F-9040-4DD0-8592-A8825C1BE8EA}.Debug|Any CPU.ActiveCfg = Debug|Any CPU
		{2EB9AD5F-9040-4DD0-8592-A8825C1BE8EA}.Debug|Any CPU.Build.0 = Debug|Any CPU
		{2EB9AD5F-9040-4DD0-8592-A8825C1BE8EA}.Release|Any CPU.ActiveCfg = Release|Any CPU
		{2EB9AD5F-9040-4DD0-8592-A8825C1BE8EA}.Release|Any CPU.Build.0 = Release|Any CPU
	EndGlobalSection
	GlobalSection(SolutionProperties) = preSolution
		HideSolutionNode = FALSE
	EndGlobalSection
	GlobalSection(ExtensibilityGlobals) = postSolution
		SolutionGuid = {F7F29B78-9F46-4C00-BC19-89BE8684BAA7}
	EndGlobalSection
EndGlobal
